#
# This file is autogenerated by pip-compile with Python 3.12
# by the following command:
#
#    pip-compile --extra=dev --extra=fuzz --generate-hashes --output-file=requirements/fuzz.lock pyproject.toml
#
attrs==26.1.0 \
    --hash=sha256:c647aa4a12dfbad9333ca4e71fe62ddc36f4e63b2d260a37a8b83d2f043ac309 \
    --hash=sha256:d03ceb89cb322a8fd706d4fb91940737b6642aa36998fe130a9bc96c985eff32
    # via
    #   jsonschema
    #   referencing
build==1.5.0 \
    --hash=sha256:13f3eecb844759ab66efec90ca17639bbf14dc06cb2fdf37a9010322d9c50a6f \
    --hash=sha256:302c22c3ba2a0fd5f3911918651341ebb3896176cbdec15bd421f80b1afc7647
    # via bsff (pyproject.toml)
coverage[toml]==7.14.3 \
    --hash=sha256:0096fd7559178f0cc9cf088f2dbd2a02ef85bacaa69732c633517286b4494610 \
    --hash=sha256:02c41de2a88011b893050fc9830267d927a50a215f7ad5ec17349db7090ccf26 \
    --hash=sha256:0423d64c013057a06e70f070f073cec4b0cbc7d2b27f3c7007292f2ff1d52965 \
    --hash=sha256:0ee68f5c34812780f3a7063382c0a9fcbb99985b7ddcdcaa626e4f3fb2e0783a \
    --hash=sha256:11a7ec9f97ab950f4c5af62229befc7faf208fdbc0116d3902d7e306cf2c5abd \
    --hash=sha256:1551b4caac3e3ec9f2bfcec6bf3776e01c0edbdd2e240431a50ca1a1aac72c27 \
    --hash=sha256:16b206e521feb8b7133a45754643dead0538489cf8b783b90cf5f4e3299625fd \
    --hash=sha256:1a7563a443f3d53fdeb040ec8c9f7466aed7ca3dc5891aa09d3ca3625fa4387f \
    --hash=sha256:1bb93c2aa61d2a5b38f1526546d95cf4132cb681e541a337bf8dfd092be816e5 \
    --hash=sha256:1e3b91f9c4740aeb571ecf82e5e8d8e4ab62d34fcb5a5d4e5baa38c6f7d2857c \
    --hash=sha256:2415902f385a23dcc4ccd26e0ba803249a169af6a930c003a4c715eeb9a5444e \
    --hash=sha256:27d07a46500ba23515b838dbcf52512026af04090755cf6cc64166d88c9b9a1a \
    --hash=sha256:2bfc4dd0a912329eccc7484a7d0b2a38032b38c40663b1e1ac595f10c457954b \
    --hash=sha256:2e41fd3aab806770008279a93879b0924b16247e09ab537c043d08bbca53b4ab \
    --hash=sha256:338b19131ab1a6b767b462bfcbaa692e7ae22f24463e39d49b02a83410ff6b37 \
    --hash=sha256:360bec1f58e7243e3405d3bdf7a1a8115aa9b448d54dc7cd6f7b7e0e9406b62e \
    --hash=sha256:39e1dbbb6ff2c338e0196a482558a792a1de3aa64261196f5cdb3da016ad9cda \
    --hash=sha256:3c68df8e61f1e09633fefc7538297145623957a048534368c9d212782aa5e845 \
    --hash=sha256:3d74ff26299c4879ce3a4d826f9d3d4d556fd285fde7bbce3c0ef5a8ab1cec24 \
    --hash=sha256:3e5b550a128419373c2f6cec28a244207013ef15f5cbcff6a5ca09d1dfaaf027 \
    --hash=sha256:41de778bd41780586e2b04912079c73089ab5d839624e28db3bdb26de638da92 \
    --hash=sha256:47968988b367990ae4ab17523790c38cd125e02c6bfd379b6022be2d40bdc38c \
    --hash=sha256:4b60ca6d8af70473491a15a343cbabab2e8f9ea66a4376e81c7aa24876a6f977 \
    --hash=sha256:4d310baf69a4fbe8a098ce727e4808a34866ac718a6f759ae659cbd3221358bc \
    --hash=sha256:526ce9721116af23b1065089f0b75046fe521e7772ab94b641cd66b7a0421889 \
    --hash=sha256:583d50d59142f8549470bd6390471d0fe8b8c8d69d6a0f28ac71e05380cef640 \
    --hash=sha256:5952f8c1bda2a5347154450379316e6dfa4d934d62ca35f6784451e6f55074fb \
    --hash=sha256:5d788e5fd55347eef06ca0732c77d04a264de67e8ff24631270cdff3767a60cf \
    --hash=sha256:605ab2b566a22bd94834529d66d295c364aba84afd3e5498285c7a524017b1fc \
    --hash=sha256:611e62cb9386096d81b63e0a05330750268617231e7bd598e1fe77482a2c58a5 \
    --hash=sha256:6197e5a00183c11a8ce7c6abd18be1a9189fd8399084ffc95196f4f0db4f2137 \
    --hash=sha256:621e13c6108234d7960aaf5762ab5c3c00f33c30c15af06dcbff0c73bf112727 \
    --hash=sha256:62c7f79db2851c95ef020e5d28b97afde3daf9f7febcd35b53e05638f729063f \
    --hash=sha256:64b2055bb6e0dc945af35cdeceb3633e6ed9273475ef3af85592410fd6803803 \
    --hash=sha256:68520c90babfa2d560eca6d497921ed3a4f469623bd709733124491b2aa8ef3f \
    --hash=sha256:69918344541ed9c8368566c2adc03c0e33d4550d7faa87d1b35e49b6a3286ea9 \
    --hash=sha256:6a3693b4153394d265f44fb855fdc80e72403024d4d6f91c4871b334d028e4e0 \
    --hash=sha256:74fdd718d88fe144f4579b8747873a07ec3f04cb837d5faec5a25d9e22fa31a8 \
    --hash=sha256:7b27c822a8161afbe48e99f1adfb098d270ae7e0f7d7b0555ce110529bdb69cc \
    --hash=sha256:7dfe427045520d6abca33687dfef767b4f635015893a1816c5decb12eb72ce18 \
    --hash=sha256:7ea52fc08f007bcc494d4bb3df3851e95843d881860ba38fe2c64dc100db5e7d \
    --hash=sha256:830c1fca669c572dec37ce9c838224ee45aac5be0f6961edf871e82e49d6537c \
    --hash=sha256:8427f370ca67db4c975d2a26acfc0e5783ca0b52444dbc50278ace0f35445949 \
    --hash=sha256:878832eaac515b62decfa76965aed558775f86bf1fc8cca76993c0c84ae31aed \
    --hash=sha256:8ac012839ff7e396030f1e94e10553a431d14e4de2ab65cb3acb72bbd5628ca2 \
    --hash=sha256:8cec0ad652ec57790970d817490105bd917d783c2f7b38d6b58a0ca312e1a336 \
    --hash=sha256:8cf0f2509acb4619e2471a1951089054dd58ebea7a912066d2ea56dd4c24ca4a \
    --hash=sha256:90f7608aeb5d9b60b523b9fb2a4ee1973867cc4865a3f26fe6c7577073b70205 \
    --hash=sha256:92c22e19ce64ca3f2ad751f16f14df1468b4c231bd6af97185063a9c292a0cb3 \
    --hash=sha256:96150a9cf3468ea20f0bc5d0e21b3df8972c31480ef90fa7614b773cc6429665 \
    --hash=sha256:98a0859b0e98e43e1178a9402e19c8127766b14f7109a374d976e5a62c0e5c73 \
    --hash=sha256:9973ef2463f8e6cfb61a6324126bb3e17d67a85f22f58d856e583ea2e3ca6501 \
    --hash=sha256:9a3f142070eb7b82fc4085a55d887396f9c4e21250bccebe2ba22502c45b9647 \
    --hash=sha256:9be4e7d4c5ca0427889f8f9d614bd630c2be741b1de7699bca3b2b6c0e41003e \
    --hash=sha256:a090cbf9521e78ffdb2fcf448b72902afe9f5923ff6a12d5c0d0120200348af9 \
    --hash=sha256:a2335ea5fed26af2e831094964fa3f8fae60b45f7e37fcc2d3b615b2add3ad87 \
    --hash=sha256:a3c2134809e80fac091bfed18a6991b5a5eb5df5ae32b17ac4f4f99864b73dd7 \
    --hash=sha256:a571bd889cd36c5922ce8e42e059f9d37d02301531d11374afa4c87a578625d5 \
    --hash=sha256:a574912f3bde4b0619f6e97d01aa590b70998859244793769eb3a6df78ee56d3 \
    --hash=sha256:a64caee2193563601dbaaa55fe2dcf597debef04a2f8f1fa8a07aa4bb7ac7a1e \
    --hash=sha256:ac082660de8f429ba0ea363595abb838998570b9a7546777c60f413ab902bbde \
    --hash=sha256:b3d77f7f196abdef7e01415de1bce09f216189e83e58159cfeef2b92d0464994 \
    --hash=sha256:b3ff255799f5a1676c71c1c32ec01fd043aa09d57b3d95764b24992757184784 \
    --hash=sha256:b488bd4b23397db62e7a9459129d01ff06a846582a732efd24834b24a6ada498 \
    --hash=sha256:b75ee850fc2d7c831e883220c445b035f2224de2ba6103f1e56dbd237ab913f7 \
    --hash=sha256:b7f300ac92cd4b570724c8ffbbd0c130fee298d2447f41d5a3abf58976fae1de \
    --hash=sha256:beaab199b9e5ceaf5a225e16a9d4df136f2a1eae0a5c20de1e277c8a5225f388 \
    --hash=sha256:c02efd507227bde9969cab0db8f48890eb3b5dcad6afac57a4792df4133543ce \
    --hash=sha256:c66f9f9d4f1e9712eb9b1de5310f881d4e2188cfcba5065e1a8490f38687f2c4 \
    --hash=sha256:c90a7cdd5e380e1ce02f19792e2ac2fbfbf177e35a27e69fd3e873b30d895c0c \
    --hash=sha256:c946099774a7699de03cbd0ff0a64e21aed4525eed9d959adde4afe6d15758ef \
    --hash=sha256:cc96aa922e21d4bc5d5ed3c915cef27dfcbc13686f47d5e378d647fbfba655a2 \
    --hash=sha256:d20a15c622194234161535459affa8f7905830391c9ccfa060d495dbfe3a1c7f \
    --hash=sha256:d48400185564042287dc487c1f016a3397f18ab4f4c5d5ec36edc218f7ffa35b \
    --hash=sha256:d8e88f335544a47e22ae2e45b344772925ec65166555c958720d5ed971880891 \
    --hash=sha256:dc9b4e35e7c3920e925ba7f14886fd5fbe481232754624e832ddba66c7535635 \
    --hash=sha256:de76caefc8deabb0dd1678b6a980be97d14c8d87e213ac194dbf8b09e96d63fb \
    --hash=sha256:e0bb8a6bc7015efdf8a928753b25da1b9ca2d6f24ef04d2ee0688e486f32aae7 \
    --hash=sha256:e343fb086c9cd780b38622fea7c369acd64c1a0724312149b5d769c387a2b1f5 \
    --hash=sha256:e4ed44705ca4bead6fc977a8b741f2145608289b33c8a9b42a95d0f15aedbf4d \
    --hash=sha256:e574801e1d643561594aa021206c46d80b257e9853087090ba97bed8b0a509d3 \
    --hash=sha256:e6230e688c7c3e65cedd41a774eb4ec221adc6bfee13768231015b702d5e4150 \
    --hash=sha256:ea3169c7116eb6cdf7608c6c7da9ecfcb3da40688e3a510fac2d1d2bafd6dc35 \
    --hash=sha256:eadea7aba74e40adee867a8c0eec17b820b061d308a4b014f7a0e118c2b0aa61 \
    --hash=sha256:ed68faa5e85de2f3e400bc3f122e5c82735a58c8bb24b9f63a2215954ba17b2d \
    --hash=sha256:f0a47095963cfe054e0df178daca95aec21e680d6076da807c3add28dfe920f7 \
    --hash=sha256:f502e948e03e866538048bba081c075caaa62e5bda6ea5b7432e45f587eb462a \
    --hash=sha256:f82b6bb7d75a2613e85d07cefa3a8c973d0544a8993337f6e2728e4a1e94c305 \
    --hash=sha256:fa9e5c6857a7e80fa22ace5cf3550ae392bbfc322f1d8dd2d2d5a8be38cec027 \
    --hash=sha256:fb7e18afb6e903c1a92401a2f0501ac277dca527bb9ca6fe1f691a8a0026a0e8 \
    --hash=sha256:fbb8c3a98e779013786ae01d229662aeacbc77100efbd3f2f245219ace5af700
    # via pytest-cov
hypothesis==6.155.7 \
    --hash=sha256:9f634bdb1f9e9b8ab6ba09431cf2deedb750c96978125a6fb3c5a0f6c6db4131 \
    --hash=sha256:d8d6091753d0669db3c90c5e5b346cb37c72f3dd9378c8413acb1fd5da63f7ea
    # via bsff (pyproject.toml)
iniconfig==2.3.0 \
    --hash=sha256:c76315c77db068650d49c5b56314774a7804df16fee4402c1f19d6d15d8c4730 \
    --hash=sha256:f631c04d2c48c52b84d0d0549c99ff3859c98df65b3101406327ecc7d53fbf12
    # via pytest
jsonschema==4.26.0 \
    --hash=sha256:0c26707e2efad8aa1bfc5b7ce170f3fccc2e4918ff85989ba9ffa9facb2be326 \
    --hash=sha256:d489f15263b8d200f8387e64b4c3a75f06629559fb73deb8fdfb525f2dab50ce
    # via bsff (pyproject.toml)
jsonschema-specifications==2025.9.1 \
    --hash=sha256:98802fee3a11ee76ecaca44429fda8a41bff98b00a0f2838151b113f210cc6fe \
    --hash=sha256:b540987f239e745613c7a9176f3edb72b832a4ac465cf02712288397832b5e8d
    # via jsonschema
numpy==2.5.0 \
    --hash=sha256:016623417bb330d719d579daf2d6b9a01ddc52e41a9ed61a47f39fde46dcd865 \
    --hash=sha256:0b525be4744b60bb0557ac872d53ef07d085b5f39622bc579c98d3809d05b988 \
    --hash=sha256:126b88d95e8ff9b00c9e717aa540469f21d6180162f84c0caec51b16215d49cd \
    --hash=sha256:146b81cdd3967fdb6beca8ba25f00c58741d8f3cbd797f55af0fbe0bfec3469c \
    --hash=sha256:1a7569a7b53c77716f036bb28cb1c91f166a26ec7d9502cd1e4bdfe502fdec22 \
    --hash=sha256:1c0121101093d2bd74981b10f8837d78e794a8ff57834eb27179f49e1ba11ac6 \
    --hash=sha256:22f3d43e362d650bc39db1f17851302874a148ca95ba6981c1dfb5fa6862f35b \
    --hash=sha256:243563efb4cd7528a264567e9fd206c87826457322521d06206a00bfa316c927 \
    --hash=sha256:28e7137057d551e4a83c4ae414e3451f50568409db7569aacc7f9811ee06a446 \
    --hash=sha256:3893adc2dc7c0412ba76777db55a049215d99c9aa3113003be8f49f4f1290ab9 \
    --hash=sha256:39a0433bd4086ebd462960cf375e19195bb07b53dc1d87dd5fcf47ad78576f03 \
    --hash=sha256:3b94d0d0deceebfad3e67ae5c0e5eb87371e8f7a0581cd04a779928c2450cf1e \
    --hash=sha256:44353e2878930039db472b99dc353d749826e4010bd4d2a7f835e94a97a5c748 \
    --hash=sha256:489780423903667933b4ed6197b6ec3b75ea5dd17d1d8f0f38d798feb6921561 \
    --hash=sha256:48f54b00711f83a5f796b70c518e8c2b3c5848dda03a54911f23eb68519b9b60 \
    --hash=sha256:520e6b8be0a4b65840ac8090d4f51cef4bed66e2b0894d5a520f099adc24a9b2 \
    --hash=sha256:5a129578019311b6e56bdd714250f19b518f7dceeeb8d1af5490f4942d3f891c \
    --hash=sha256:5dc71423499fab3f46f7a7201155ade1669ea101f2f429d332df9e72f8161731 \
    --hash=sha256:6206db0af545d73d068add6d992279145f158428d1da6cc49adc4b630c5d6ee5 \
    --hash=sha256:694d8f74e156f7fd01179f1aa8faa2f648ab6ae0f70b6c3fe57a03249aea2303 \
    --hash=sha256:6f2d6873e2940c860a309d21e25b1e69af6aaffdd80aa056b04c16380db1c4f2 \
    --hash=sha256:6f9836778081a0a3c02a6a21493f3e9f5b311f8d2541934f31f05583dc999ea4 \
    --hash=sha256:7174ce8265fc7f7417d171c9ea8fe905220748893ea67a2a7abe726ec331c4b0 \
    --hash=sha256:750fb097caf26fa878746d9d119f6f9da12dedcbff1eea966c3e3447647c4a9e \
    --hash=sha256:835e454dd99b238cdc5a3f63bce2371296f5ebc53ca1e0f8e6ddbb6d92a29aab \
    --hash=sha256:84881d825ca75249b189bbee875fcfe3238aa5c479e6100893cda566e8e86826 \
    --hash=sha256:929f0c79ac38bcbd7154fe631dc907abfeddbcc5027a896bd1f7767323271e7a \
    --hash=sha256:9990713e9c38154c6861e7547f1e3fc7a87e75ff09bab24ef1cc81d81c2835e9 \
    --hash=sha256:a1a4874217b36d5ac8fc876f52e39df56f8182c88463e9e2dceabf7ca8b7efb8 \
    --hash=sha256:a55e1eb2bca2cfd17a16b213c99dfc8502d47b0d494224d2122277d0400935ca \
    --hash=sha256:aaa760137137e8d3c920d27927748215b56014f92667dc9b6c27dfc61249255a \
    --hash=sha256:b8c3daaf99de52415d20b42f8e8155c78642cb04207d02f9d317a0dcf1b3fb54 \
    --hash=sha256:bf80333980bf37f523341ddd72c783f39d6829ec7736b9eb99086388a2d52cc2 \
    --hash=sha256:c83b664b0e6eee9594fa920cf0639d8af796606d3fad6cc70180c87e4b97c7be \
    --hash=sha256:cc4f247a47bbf070bfd70be53ccdcf47b800af563535e7bbe172322197c30e21 \
    --hash=sha256:cda12aa4779d42b8771180aba759c96f527d43446d8f380ab59e2b35e8489efd \
    --hash=sha256:d371c92cfa09da00022f501ab67fafaea813d752eb30ac44336d45b1e5b0268a \
    --hash=sha256:d4313cef1594c5ce46c31b6e54e918338f63f16ee9322304e8c9114d6d81c8bd \
    --hash=sha256:e1da54b53e75cd9fcfc23efcc7edab2c6aecf97b6037566d8a0fe804af8ec57c \
    --hash=sha256:ebb81d9d5443e0309d6c54894c3fbed74ad7da0714352a67b6d773cd189eae73 \
    --hash=sha256:ece55976ced6bca95a03ae2839e2e5ccffe8eb6a3e7022415645eb154a81e4e6 \
    --hash=sha256:edadfbd4794b1086c0d822f81863e8a68fc129d132fd0bb9e31e955d7fbbbdb7 \
    --hash=sha256:f27582c55ba4c750b7c58c8faf021d2cd9324a662b466229db8a417b41368af9 \
    --hash=sha256:f7e5fa4382967ae6548bd2f174219afb908e294b0d5f625af01166edd5f7d9aa
    # via
    #   bsff (pyproject.toml)
    #   pandas
    #   patsy
    #   scipy
    #   statsmodels
packaging==26.2 \
    --hash=sha256:5fc45236b9446107ff2415ce77c807cee2862cb6fac22b8a73826d0693b0980e \
    --hash=sha256:ff452ff5a3e828ce110190feff1178bb1f2ea2281fa2075aadb987c2fb221661
    # via
    #   build
    #   pytest
    #   statsmodels
pandas==3.0.3 \
    --hash=sha256:0383c72c75cdcca61a9e116e611143902dbfd08bff356829c2f6d1cf40a9ca8c \
    --hash=sha256:05f1f1752b8533ea03f7f39a9c15b1a058d067bb48f4748948e7a8691e0510f2 \
    --hash=sha256:08d789b41f87e0905880e293cedf6197ce71fe67cc081358b1e148a491b9bd13 \
    --hash=sha256:0d589105b3c14645af1738ff279b2995102d8f7a03b0a66dc8d95550eb513e04 \
    --hash=sha256:13fc1e853d9e04743d11ba75a985ccbc2a317fe07d8af61e445a6fd24dacd6a6 \
    --hash=sha256:14da8316da4d0c5a77618425996bfb1248ca87fc2c1486e6fde4652bd18b5824 \
    --hash=sha256:1928e07221f82db493cd4af1e23c1bfca524a19a4699887975bff68f49a72bfb \
    --hash=sha256:261e308dfb22448384b7580cf719d2f998fe2966c92893c3e77d14008af1f066 \
    --hash=sha256:275c14e0fce14a2ec20eee474aecd305478ea3c1e6f6a9d8fe219a165542717e \
    --hash=sha256:335f62418ed562cfc3c49e9e196375c28b729dcef8543abf4f9438e381bf3c76 \
    --hash=sha256:3650109c0f22879df8bd6179ab9ee3d7f1d1d4e7e0094a3f0032d9f51e2e64ac \
    --hash=sha256:39436b377d56d2a2e52d0395bdbee171f01068e99af5250509aceeb929f765c7 \
    --hash=sha256:3c20a521bbb85902f79f7270c80a59e1b5452d96d170c034f207181870f97ac5 \
    --hash=sha256:3e91cec1879ada0624fc3dc9953c5cbd60208e59c0db28f540c5d6d47502422f \
    --hash=sha256:455f6f8139d4282188f526868dbc3c828470e88a3d9d59a891bd46a455f21b98 \
    --hash=sha256:46997386d528eb40376ecd6b033cf4a8a1e5282580f68f43de875b78cba2199d \
    --hash=sha256:4db8c527972a821cf5286b40ccc57642a39bc62e62022b42f99f8a67fca8c3a1 \
    --hash=sha256:4e15135e2ee5df1063313e2425ceef8ac0f4ae775893815b0923651b806a5639 \
    --hash=sha256:51b1fe551acb77dac643c6fda86084d8d446c10fe64b06a9cc29c4cc8540e7f2 \
    --hash=sha256:557409bc4178e70ee8d9ddb494798e51ebf6ea59330f6be22c51bab2a7db6c49 \
    --hash=sha256:5cc09a68b3120e0f54870dede8287a7bb1fa463907e4fcec1ea77cab6179bf7a \
    --hash=sha256:60ae316d3fd75d1858d450d0db0103ea2be3e7d4a95ec2f064f7e2ae63f7b028 \
    --hash=sha256:6674ab18ad8c57802867264b00e15e7bb904700cdd9046e3b2fa1fce237439ea \
    --hash=sha256:67b3b64c11910cfa29f4e94a14d3bff9ee693b6fc76055e7cad549cee0aec5fa \
    --hash=sha256:696a4a00a2a2a35d4e5deb3fc946641b96c944f02230e4f76137fe35d806c4fc \
    --hash=sha256:6dc0b3fd2169c9157deed50b4d519553a3655c8c6a96027136d654592be973a9 \
    --hash=sha256:7e65d5407dc0b394f509699650e4a2ec01c0514f21850f453fa60f3be79a5dbf \
    --hash=sha256:819959dab7bbd0049c15623fbac4e29a191b9528160a61fb1032242d8ced2d9c \
    --hash=sha256:8a1e45c80cceb3b4a21bc5939d52e8cbd8d9b7305309219d59e9754d9ce09e27 \
    --hash=sha256:9c39be2d709d01fa972a0cabc522389fceca4f3969332ba25a7d6c5802cf976a \
    --hash=sha256:9d71c63ae4ebdbf70209742096f1fc46a83a0613c99d4b23766cced9ff8cd62a \
    --hash=sha256:a2d2dff8a04f3917b55ab3910c32990f8ddf7eceba114947838cefa976a68977 \
    --hash=sha256:a4eeb6830daf35a71cc09649bd823e2b542dac246cdee9614c6e4bd65028cd6a \
    --hash=sha256:a55066a0505dae0ba2b50a46637db34b46f9094c65c5d4800794ef6335010938 \
    --hash=sha256:a82d532a3351d435432cd913edbccaf8b8e01d4dd0e5ced5a8d2e8ecd94c7e44 \
    --hash=sha256:b168fc218fd80a6cbdbdbc1a97ddc7889ed057d7eb45f50d866ceab5f39904c4 \
    --hash=sha256:b2c95f8bfc1ee412bf482605d7bfd30c12d1d26bd59fdd91efeef1d4718decb1 \
    --hash=sha256:ba7e08b9ac1d54569cd1e256e3668975ed624d6826f7b68df0342b012007bddb \
    --hash=sha256:bab900348131a7db1f69a7309ef141fd5680f1487094193bcbbb61791573bf8f \
    --hash=sha256:bd3a518890b400d32f9023722dc9a9a5c969f00b415419a3c06c043f09bb5d7d \
    --hash=sha256:c7be265b62cef88e253a941e4698604973736dcfe242fdb5198f0f7bc473cdcc \
    --hash=sha256:d26cbe1fcfc12e8fd900e2454163e466b2d3af84f7c75481df7683ffc073d870 \
    --hash=sha256:d4be06d68f9ddcfc645b87534911da79a8fbffc7573c80e0edcf42a5020624d8 \
    --hash=sha256:d72828c20c6d6e83e1e22a6a3b47b326b71664112fa9705dcbccfd7a39b62085 \
    --hash=sha256:dd1a5d1def6a46002e964510bdc67c368aa0951df5d1d9f8365336f5a1f490cd \
    --hash=sha256:e3a2ec42c98ffa2565a67e08e218d06d72576d758d90facb7c00805194d8f360 \
    --hash=sha256:f8894dc474d648fe7b6ff0ca9b0bd73950d19952bc1a6534540762c5d79d305c \
    --hash=sha256:fed2ff7fd9779120e388e285fc029bd5cf9490cdd2e4166a9ee22c0e49a9ab09
    # via statsmodels
patsy==1.0.2 \
    --hash=sha256:37bfddbc58fcf0362febb5f54f10743f8b21dd2aa73dec7e7ef59d1b02ae668a \
    --hash=sha256:cdc995455f6233e90e22de72c37fcadb344e7586fb83f06696f54d92f8ce74c0
    # via statsmodels
pluggy==1.6.0 \
    --hash=sha256:7dcc130b76258d33b90f61b658791dede3486c3e6bfb003ee5c9bfb396dd22f3 \
    --hash=sha256:e920276dd6813095e9377c0bc5566d94c932c33b27a3e3945d8389c374dd4746
    # via
    #   pytest
    #   pytest-cov
py-cpuinfo==9.0.0 \
    --hash=sha256:3cdbbf3fac90dc6f118bfd64384f309edeadd902d7c8fb17f02ffa1fc3f49690 \
    --hash=sha256:859625bc251f64e21f077d099d4162689c762b5d6a4c3c97553d56241c9674d5
    # via pytest-benchmark
pygments==2.20.0 \
    --hash=sha256:6757cd03768053ff99f3039c1a36d6c0aa0b263438fcab17520b30a303a82b5f \
    --hash=sha256:81a9e26dd42fd28a23a2d169d86d7ac03b46e2f8b59ed4698fb4785f946d0176
    # via pytest
pyproject-hooks==1.2.0 \
    --hash=sha256:1e859bd5c40fae9448642dd871adf459e5e2084186e8d2c2a79a824c970da1f8 \
    --hash=sha256:9e5c6bfa8dcc30091c74b0cf803c81fdd29d94f01992a7707bc97babb1141913
    # via build
pytest==9.1.1 \
    --hash=sha256:1088fbde8f2b49d95a549a195707afa7a76a3ce9bcadc26b6d71f0ffda5fe313 \
    --hash=sha256:37a86b45efb9a47a61a36449063e8e18d0cab3161329fc099eb21783169c4f0c
    # via
    #   bsff (pyproject.toml)
    #   pytest-benchmark
    #   pytest-cov
pytest-benchmark==5.2.3 \
    --hash=sha256:bc839726ad20e99aaa0d11a127445457b4219bdb9e80a1afc4b51da7f96b0803 \
    --hash=sha256:deb7317998a23c650fd4ff76e1230066a76cb45dcece0aca5607143c619e7779
    # via bsff (pyproject.toml)
pytest-cov==7.1.0 \
    --hash=sha256:30674f2b5f6351aa09702a9c8c364f6a01c27aae0c1366ae8016160d1efc56b2 \
    --hash=sha256:a0461110b7865f9a271aa1b51e516c9a95de9d696734a2f71e3e78f46e1d4678
    # via bsff (pyproject.toml)
python-dateutil==2.9.0.post0 \
    --hash=sha256:37dd54208da7e1cd875388217d5e00ebd4179249f90fb72437e91a35459a0ad3 \
    --hash=sha256:a8b2bc7bffae282281c8140a97d3aa9c14da0b136dfe83f850eea9a5f7470427
    # via pandas
referencing==0.37.0 \
    --hash=sha256:381329a9f99628c9069361716891d34ad94af76e461dcb0335825aecc7692231 \
    --hash=sha256:44aefc3142c5b842538163acb373e24cce6632bd54bdb01b21ad5863489f50d8
    # via
    #   jsonschema
    #   jsonschema-specifications
rpds-py==2026.5.1 \
    --hash=sha256:01d17b29c0c23d82b1f4751147ec49cf451f1fc2554eb9ef5f957e55d2656ead \
    --hash=sha256:036a36a87fb1cd3b214d11c4b3c4f7d2ddad933625dca1c900b56a057c07740a \
    --hash=sha256:0408a24e44feb919423dc6d9da677cb5cddb894d2ca9e763967d156d9c60fab4 \
    --hash=sha256:07b24fea40541e28570e5b795a4a38fbdcd12550c06bd0748005ecc8116ca256 \
    --hash=sha256:0957cf3c2b8632ec7aaebffebea8005b353cc2a237b6e2ae3c2cac0820704cfb \
    --hash=sha256:0a5ae4dbe43c1076983b72616496919872ae7bbe7a1e21cc48336bc3154d130b \
    --hash=sha256:0a7d1eec967df0e9b22614a5e177622e0c89611d03727fa0cb48e45028907870 \
    --hash=sha256:0b35217adefe87f2fe4db7e9766cabe84744bfe9616d9667be18988928c7f2dc \
    --hash=sha256:0fa92420128dadce7f54bd73ba1825a273e9268fe9e35dbf7e6362890efa4e08 \
    --hash=sha256:141c9498daf2ace9eda35d2b0e376f9ea8b058d84f2aef4f96fccfd449a2f251 \
    --hash=sha256:1841d067089e117142d79b98aa0df2f08b52f2ecc1819dd2700636c0db74a473 \
    --hash=sha256:19cb09fab7b7fc96b2a6e28f2e34b72a3705ff27b37edb77455316e5d3f3dc9b \
    --hash=sha256:1c27c5f6102eac8c03e7595a00827a53b271ba40a53b59ff8709170e0855ea4a \
    --hash=sha256:1ebb2f0ab7e16132995a72de805170e0203df0c3dd22e1ef1cd1fdd90bd7a131 \
    --hash=sha256:1f2c391c3059798093b65df23aca2cac150460ae9c630d99dec83d703d9485b9 \
    --hash=sha256:205dde846f24332ab0c1188699a043b8d165b79bb84529ce272c45048ff6be01 \
    --hash=sha256:21846aac0ed2e0589f38c12dc44e77bb64e494b771eadbcf169cba00566ba7ba \
    --hash=sha256:21942f52dbbd5f8758bf021213d28bd45c39e873e65e2407faf5f1846f5761ad \
    --hash=sha256:277f6c82f0580848796c7ecc8a7173aa3bfb928e4ff831261c2f60a81dc270db \
    --hash=sha256:27b74c10ed6a8f190f4287f53bcfea348b92a84a9c9f70d30183d1e6172d580d \
    --hash=sha256:296c799becfa849c779c8725494fe9ed94959ed886787df4364b058465bad7f0 \
    --hash=sha256:2c595a1d9255dce0599e13130d1440ab2506654f2b50294226ee06402f8fef63 \
    --hash=sha256:2c817a189d4ee14290420e5ff051e4dd6baa13f3edf84685071dee07a6d538ee \
    --hash=sha256:2d88621d6a7d4dfa633d21abe90f280bb205274e16b1d1e61c6ad4640b2453b7 \
    --hash=sha256:3350ec808fb538fe71a1f94dfaa0e29c598dfad805ce49f0caec5ae3183c652b \
    --hash=sha256:3397a5ed7174dc2786bb214030232fc36fe8e5584fec43a9952cc542b1a12036 \
    --hash=sha256:3574b55c604b8f75dacb007136508bbc0db406e626301778096a133327e7f2fb \
    --hash=sha256:3609e9939a8a76cd904cf98a3f1f13b5dc7e150adeaee89e0ea09652ea213e16 \
    --hash=sha256:3684a59b158a7683aaeb8e25352e9a9dd2122cec78f2d8530266e4f91b4c7b3f \
    --hash=sha256:3966b82dd563176396df030f3dd52a6e54cb69b718e95e78bd555ed3d1e0185d \
    --hash=sha256:3abe24a66e57adcfa645d718063a5fa5103ecc71ddbf26d78af8f9368018ff1d \
    --hash=sha256:40ff257542e04796880e011e15cd4dc21c2599975df2aaa8f2c8495ca574e1a5 \
    --hash=sha256:413b424f7c4ee65ab5e5be91f5731be0f8b41a1ee2b12dfe810d716312e95a78 \
    --hash=sha256:42d0f20e85e549c870749d0e247f0c10d318a45b7e9676d575d2dcb04a1b2e66 \
    --hash=sha256:43bca78665423cabae77146f2fe7ce55272b6c8d55d82cca83effd42c7e13972 \
    --hash=sha256:453895624ecf7db7063b1004e44037522bbaef9ff6a945e59bc71662d7a03abd \
    --hash=sha256:4860b603ddda0475a8885499b3729e90229d480105b42651962a5397d995fa89 \
    --hash=sha256:4be8b1d2a705cc37d08256004e1d07de143fa0075c8e85a3df020b776f62b732 \
    --hash=sha256:4e237e139f94d3c036fd28eb9f564c99055476ff4ff05cd42be55ce349b5aa02 \
    --hash=sha256:4fb8d2e7cb2f850b169806d61d1b991738acec96500a75c30f49caf064ce7cef \
    --hash=sha256:55d8f9b7b78c9538fc9e04e82ec0e888ff0c3cffcfad152c77e57cd09351a98a \
    --hash=sha256:58b1d94308ddf0b1982f61f2eb54bf92997c9ece8a8093ef014250f4a517906c \
    --hash=sha256:5d333a7127d4b307601ac37792bee01bb95c867cbfacf21b6375b804d6bbd723 \
    --hash=sha256:613fc4ee9eaef26dc5840666214dd6fbcebcf32f46e76f4abc473059f4e13dda \
    --hash=sha256:6142dbd80c4df62a5d899f0d616d417f84e0bc8d32526c8e5589019d75d028a7 \
    --hash=sha256:62ae3853454fe9ef283a03c96c2d835d39e84b14643a9d62c82ef0fb87d702ca \
    --hash=sha256:63c2c4c213f1a4e3f3de28ecab029dbdee976324e729c0d7a55211be72576b02 \
    --hash=sha256:656a042550878f12d45752452d47094b7cfe5ad1e9d7b87b5a22ad3ae5ff8015 \
    --hash=sha256:66c93681c4729e4e3ecba31b8179fae083ff3118841672835140338b4b9867c1 \
    --hash=sha256:6736718bd4fc49cbcb538ba30516fdbef161522acefb739657d48b97bd864fed \
    --hash=sha256:68700371c5d7ae1412862ddfa719090925c93ecf351c566d66f09d04b136ea00 \
    --hash=sha256:6c3d771a46ec18b12af06ce36243a9a80b07a5d0515236332d90863ca8bb326a \
    --hash=sha256:6c7fcf61d44cacecaf3aea542b0e053db77972a4573e7ceda16fb2b399161195 \
    --hash=sha256:6f249f8b860a200ad35193af961183ebe9132710484e6f6ce0cf89fd83c63a9a \
    --hash=sha256:73c4bd4f70294737b5206a3e8e30ccadbf8a60301831c8ea23eec5dbeea1ecfa \
    --hash=sha256:7559f72b94ae52659086c595dfa017cde03155f7832071d30959049052cb3ece \
    --hash=sha256:75808f6c38ce7749bb68cc2770161aae5045e6c6f6781a9782e74b93304399df \
    --hash=sha256:77c004fdc7b891967106f78ddfd7b076bfe6813c6139c6fff6aed3bcaa960b26 \
    --hash=sha256:7818f8d0a415be74d2be3590b0a1c1f463a642f4d0217e7d10602dceef5b79aa \
    --hash=sha256:7944270ae71383f6e2657dd7d5ce4eeb4ac2d0059a6738f0510583d462ab4842 \
    --hash=sha256:7bd530e6a530bb3ea892f194fafa455f3516ac25ecf7143fd33c09be62b0470a \
    --hash=sha256:8213afbe8a3a906fb9acb2014423fe3359ee783d0bf90995f70623a3217bfa6c \
    --hash=sha256:83bcf894486c9d78dd290d3c0124ff6dd8875d3025e2090a8ec49fcc37c55fdd \
    --hash=sha256:85264a90ff4c05c1568dd65f5921c837614b67c60358fb4c17df3b7f2e90690a \
    --hash=sha256:88647f43a73c4e01be19b04ceef0c8d3a1958153604d13c773becd8016f2a0cf \
    --hash=sha256:8895840ac4809e5f60c88fd07617cd71326e73d6e5a8aa783c5c0f7c24985de2 \
    --hash=sha256:8ba264fa49be666cd9cc56bf34ec7002fb3d27a4aee5bcb4d43d0d18feb1bb6f \
    --hash=sha256:8bff7073db3899158fff55ebf57b113a67030af26f80a18978f9f0aa60250ddf \
    --hash=sha256:8c43a8a973270fd173bf48cdf80bbe66312421cba68d40845034f174f2389049 \
    --hash=sha256:90bd6630002a1c7f09e7843dd79f0d24f3d2897cc25a753480917865d14f15b3 \
    --hash=sha256:90f628283be835db980c941767d41c9a27b5239e54ba0a9c1335247e82406964 \
    --hash=sha256:94068eb3ae6d43f5a786b7db96a406a34e6d5c24489feef32fd6e8946ea7b291 \
    --hash=sha256:980450826cf22e133c57e0835070bdd0dd3f73b9b708c3ce223def2cb9469e14 \
    --hash=sha256:99ab6ba7bfa2cb0f96a04e3652355bf04e3f51aceb1e943b8541dab7ba4828cc \
    --hash=sha256:9af8905b8f854990e40d5206aa5ac58d9b0fe0b7f351ff2bb086c20f6c8c6a47 \
    --hash=sha256:9baffb505aff33acc69b422a19f77806680f3c8632227d79f48de8a810d1c2c5 \
    --hash=sha256:9cdddb6c1207d284d94fd1530adf57fbd797fe7c4b8704ba85f49414f2557e7d \
    --hash=sha256:9e25b7088f9ccbfc0dfcaa52bf969300ca229e10ecf758974ebcbb080a4b37bb \
    --hash=sha256:a04df86b3f0fade39ec8fd0e0aab089b1da9fbd2b48df778a57ef96f5e7d38df \
    --hash=sha256:a05fa4f41f37ec97c9c260441a940450a192f78d774d2b097eee1379f1e1246a \
    --hash=sha256:a2999883eedf72fdfb7520b92c7d4ec2572a71ff40239377aa604cc529eecafc \
    --hash=sha256:aad1bff7f666b9598e573815affd666aac6a13a585dde336f843e33350c7fadc \
    --hash=sha256:abe76bcdba31e576cb83eeb8797aa0d882b738fef6dc65d0601fc753806a5b46 \
    --hash=sha256:ad3773236e95f7f33991eb125224b7da66f206504d032a253a02da7e134519fb \
    --hash=sha256:af03e34e860047bc7a352b842856fcf78798fbb81132cc98bd2f907ab4eb9cd2 \
    --hash=sha256:b1b964e3ab599e718dc46c018d104b1ebc007cbc6567d827c94a687fca56d77e \
    --hash=sha256:b1be5c35683684d5331b93600c210e8367c254683d8a6df6bd21bd2da3a334fb \
    --hash=sha256:b317c87a13f769a4e787819bd508aaa5d69aa09b0880de9af6d3a8a54571cdec \
    --hash=sha256:b3cc20c0d800af78fd0fac68086e28c1856cec51ea528bb81ea851aa40d39325 \
    --hash=sha256:b4e4bc98639ec915f512fde3aa7a95e0041d95d9c3cc86eea841fa63cb1e8600 \
    --hash=sha256:b5c30f3f04eef4fbd362226a6f31d7c8895ca4fbb6e0b790f6890a98d8da8559 \
    --hash=sha256:b5f077b44a4f7808520f66dae234988d867deb9aed9be5da057ce9ba831b2a41 \
    --hash=sha256:b6825cc329b290e93c5f6a9be2393118a763f6ccf6abd83704e0c102ca583644 \
    --hash=sha256:b8d2f912928d426e8cfa396f7f3f8d29a59e6689c86dcca3c420730c1096322b \
    --hash=sha256:b95d5e11fc712b752081183a55a244c03cd00570489edd7014d8899f8ceb8162 \
    --hash=sha256:b9a6528956191c48c52294a592dbd4a8386d7048bdb25c0efcb6b966466c6d83 \
    --hash=sha256:ba05adbf15d994c38ec0b7ab32e858e5110c21e9009a00a86545fd220f84e038 \
    --hash=sha256:c0f920015df2a504bebaba6d4c31ccf3fcf942f92655c086da30b671aad19aa6 \
    --hash=sha256:c396c1304de421050b3681ea70f371874b54d41b0151e96109758144c231e30b \
    --hash=sha256:c39f5b67a8a2e67179ada2a954227d670fe65fa9098457f698f56ddf248709b3 \
    --hash=sha256:c3df104083952a0e0c6f10de33e440eabe98fb6317d23e1a58c68f6df08d01b9 \
    --hash=sha256:c74005a7bb87752acf351c93897ec63ad77a07a0da7ecad9c050e32e7286ba34 \
    --hash=sha256:c93c629be4636cf54337bd5f06c104d55e42ced54d681f6fe21ae510a65116f6 \
    --hash=sha256:ca653c6546386227cd9800d1bef6a348099acf8db4250341da6d90f663d6dfcb \
    --hash=sha256:cacedb7a6e167680acba45ad5716e89067d225dc80da0d7040cae8c81d4572fa \
    --hash=sha256:cc68e231a77a5f0d774ae278a1f8e55c0456501820847c1e4efb3829f3441df6 \
    --hash=sha256:ce87129d9f2c14fa6c4a8601fb80eb4488c80d38a20cd13758ef11123e14995d \
    --hash=sha256:cea68bcd53467561ae2f96a6bdad1544299ba97b5b0ddcd5ac3d376e5c781c24 \
    --hash=sha256:cef8ac28d26f4dda3533060c20fbf80a325458fa9fd23ea72a73cdfa8e978838 \
    --hash=sha256:d0efbe45632665e53e3db8fe1e5692db58fc5cb9bab4459d570b83efefe11164 \
    --hash=sha256:d3858b908218ee108d0bbfb2095ccc237648053c9bf98affad7cb079acaf1d97 \
    --hash=sha256:de42116e69cb53b911cc34aee5ab98f36c597b822545045d49e938818b99e5e4 \
    --hash=sha256:df1d2a1996755b24b9ecee92cb4d36c28f86f464a6a173349c26bab41e94b8c2 \
    --hash=sha256:e07be2a9d7122bd6e82dea89814ef8dc893feb1aae97fec1630f3263bbb30e55 \
    --hash=sha256:e0b360f316d966b048b085857630b3cc51f3db2f07b06f440eac8f695374d1e3 \
    --hash=sha256:e10464d17df3b582745c25cec695cb9558bca2cb6ddb631aee1787fc72c767b2 \
    --hash=sha256:e3a8ae58895ac107ed934a6bf51e5846f95c53b9b940c2c6d310838fd5846358 \
    --hash=sha256:e4abbf391a70be864920858bf360f4fb380577c9a0f732438a1996726e2c195b \
    --hash=sha256:eaaea962c68cdc68d4a533ba985ab8e9484277910bbfaa2ab3ef7732667bfed8 \
    --hash=sha256:ed0954b524873214369184a9c82b0eaa45a3fbb9a798cd95b17e0d98499e7ea0 \
    --hash=sha256:edf2765d84e42447f112ad877af8fe1db0089aaec5b28e88d6eab45e7fe99cea \
    --hash=sha256:ef1013a8625c74043210190b246f5b1551e09757c1f356c6e4160ef96c5bc081 \
    --hash=sha256:efef4ac29c6ff495531eb17ee705b62841ecaa291b7c7077e848ea03e237164d \
    --hash=sha256:f3a5b10e8ce894825f380a8f1b6444cf73c294dfea62afbb2d13e3a9e630cec1 \
    --hash=sha256:f3df3d16ded76f1f8c9cdebd0e1ea55fdf4c23b812de189814da7cf229c22a81 \
    --hash=sha256:f414556f6e3958300ff941e40c9f97e3dc9774ddd1b3434c475d73dd354bbed3 \
    --hash=sha256:fc09f82e63d4bcd58149572f857a431bae851dc747e313c3b5bdf7abb907fda8 \
    --hash=sha256:fc0c0f878ea770a0a8a462456c5ad36fc9fe6358e6b76fdadc7f17575e0b8bf1 \
    --hash=sha256:fe71bca7d547acb17027c7fd1624ff8aae623499c498d3e7011182c4de5c25e0 \
    --hash=sha256:fea6e836d10abbe191d557d33bd58bd5987725fe63aa1eefe557d230209855bd
    # via
    #   jsonschema
    #   referencing
ruff==0.15.18 \
    --hash=sha256:01a754cd6a1b630d3f97e33eb452cf7a98040482318e870f8bc52a5a30e62657 \
    --hash=sha256:02299e6e9fa5b297a3f6d5d10d7bcd655c925b028bb8b9d4588214549c6b9ec4 \
    --hash=sha256:08d4c86a68f2c3ec2c9d56380a71fb4a4f65373055cbb8caabd645e9102f38d4 \
    --hash=sha256:2186d9e940ae332ab293623a75b5f4fe49565f449954d50a72a046683aa6b809 \
    --hash=sha256:2330215f1f393fa8733f55edce04fcf94c36a2c460fcde31f78cc84e4951e9b1 \
    --hash=sha256:2698a964c70e8bf402dcb99c8810472d270d141e7aa8c4e13599fd52033a2f33 \
    --hash=sha256:37e5108745c2c0705da916d7d4de533ddf547051ef45f62888c31bae73f66318 \
    --hash=sha256:3fccc153a85417dcd976883160cacce486997b0a0058dd18f54b8aaaac7d1ce2 \
    --hash=sha256:56949a6ce8b3abde54c0bcb22cebfe57e8771cadc84b407ae8b8eaf67ebdcd43 \
    --hash=sha256:5a2c40a41a4cadbcf5897b548ab29dfe248b20c540961c0247d98a3973c70403 \
    --hash=sha256:5c2abf140438032bc77b2284a6c9944ecd8a19e5f1c7b52b1b8e4a0a80d19a7a \
    --hash=sha256:5f0480ce690cbb6c4db6e5d08f19fce98e10ba131a8b60c1bcdac42771e3ae2d \
    --hash=sha256:6ba7a07e03a44dbf10bb086ee06705b173625014ec99f73a7e6836a5e5590a0c \
    --hash=sha256:8b6850172348c8381b8b3084c5915a4393c2373b9b54cd5b5e1ea15812bc10df \
    --hash=sha256:a6aa6a3d979e48ae617578183674bf264fbe7d0114a796a26bd678d67963c7ff \
    --hash=sha256:a81beadbbff2c9c245561ae3f77b16709d87f35eec650d0501679239d3449b22 \
    --hash=sha256:b2c9257fcbd4a3e5b977a1904e6facca016bafe2edc17df24db67cfaee03b4e4 \
    --hash=sha256:dac80dc8d26b2257dbefabed62f5d255c3937b4ccb122da1fc634794fa3578b3
    # via bsff (pyproject.toml)
scipy==1.18.0 \
    --hash=sha256:09143f676d157d9f546d663504ef9c1becb819824f1afc018814176411942446 \
    --hash=sha256:0d13bca67c096d89fb95ced0d8921807300fce0275643aef9533cc63a0773468 \
    --hash=sha256:18e9575f1569b2c54174e6159d32942e03731177f63dce7975f0a0c88d102f5b \
    --hash=sha256:1a4441f15d620578772a49e5ab48c0ee1f7a0220e387110283062729136b2553 \
    --hash=sha256:1ad44305cfa24b1ba5803cbbebf033590ccbac1aa5d612d727b785325ab408b0 \
    --hash=sha256:1afac4a847207c7ff8efd321734a50b06d0280b3b2a2c0fc2f413101747ad7c7 \
    --hash=sha256:1f55797419e16e7f30cf88ffb3113ce0467f00cfe3f70d5c281730b21769bfc2 \
    --hash=sha256:265915e79107de9f946b855e50d7470d5893ec3f54b342e1aa6201cbdcd8bb6b \
    --hash=sha256:2d8bbdc6c817f5b4006a54d799d4f5bab6f910193cbb9a1ff310833d4d270f61 \
    --hash=sha256:2ef3abc54a4ffc53765374b0d5728532dfdd2585ed23f6b11c206a1f0b1b9af8 \
    --hash=sha256:368e0a705903c466aa5f08eefb39e6b1b6b2d659e7352a31fd9e2438365be0f8 \
    --hash=sha256:3f1ac564d3bf6c03d861d2cd87a1bea0da2887136f7fb1bf519c05a8971452d6 \
    --hash=sha256:40395a5fcd1abee49a5c7aaa98c29db393eedc835138560a588c47ec16156690 \
    --hash=sha256:4a55985d54c769c872e64b7f4c8a81cc30ef700cc04296abbbf3705439c126de \
    --hash=sha256:4c256ee70c0d1a8a2ace807e199ccd4e3f57037433842abb3fb36bc17eaa9578 \
    --hash=sha256:52a96e21517c7292375c0e27dd796a811f03fcea5fd4d108fdfea8145dcf17ab \
    --hash=sha256:56abf29a7c067dde59be8b9a22d606a4ea1b2f2a4b756d9d903c62818f5dacce \
    --hash=sha256:5aba46108853ddfc77906b6557aac839d2b52e900c1d72a1180adaaab58d265f \
    --hash=sha256:5efe260f69417b97ddae455bfb5a95e8359f7f66ad7fa9522a60feb66f169520 \
    --hash=sha256:67b2ad2ad54c72ca6d04975a9b2df8c3638c34ddd5b28738e94fc2b57929d378 \
    --hash=sha256:68363b7eaacd8b5dd426df56d782cc156468ac79a127a1b87ca597d6e2e82197 \
    --hash=sha256:6aa94e78ec192a30063a5e72e561c28af769dc311190b24fe91774eff1969709 \
    --hash=sha256:71ccc8faa2dd16ac310233203474a8b5cb67f10dedd54a3116d34943f4b19132 \
    --hash=sha256:7a7f3b01647384dbc3a711e8c6778e0aabbe93959249fef5c7393396bcac0867 \
    --hash=sha256:7bd21faaf5a1a3b2eff922d02db5f191b99a6518db9078a8fb23169f6d22259a \
    --hash=sha256:7c7a51b33ce387193c97f228320cf8e87361daa1bba750638677729598b3e677 \
    --hash=sha256:84031d7b052a54fae2f8632e0ec802073d385476eb9a63079bce6e23ef9283d4 \
    --hash=sha256:8ca01e8ae69f1b18e9a58d91afead31be3cef0dd905a10249dac559ee15460a0 \
    --hash=sha256:945c1761b93f38d7f99ae81ae80c63e621471608c7eeead563f6df025585cd58 \
    --hash=sha256:97b6cddaaee0a779ef6b5ca83c9604b27cc16b2b8fc22c142652df8793319fb8 \
    --hash=sha256:9aac6192fac56bf2ca534389d24623f07b39ff83317d58287285e7fbd622ff76 \
    --hash=sha256:9ab7b758be6940954a713ee466e2043e9f6e2ed965c1fce5c91039f4be3d90a9 \
    --hash=sha256:a46f9273dbd0eb1cefba61c9b8648b4dfe3cbc14a080176f9a73e44b8336dc7f \
    --hash=sha256:ad033410e2e0672ffdc1042110cef20e1c46f8fd0616cee1d44d8d58fad8fc11 \
    --hash=sha256:b6f758e35f12757b5d95c00bc6de2438e229c2664b7a92e96f205959d9f2dfa4 \
    --hash=sha256:c5557d8be5da8e41353fcd4d21491fdbab83b062fc579e94dc09a7c8ab4f669b \
    --hash=sha256:c5dbddf60e58c2312316d097271a8e73d40eaf2eabfa4d95ed7d3695bbf2ce7b \
    --hash=sha256:d88363fd9d8fbd3511bd273f1a49efb2a540773ddf92a91d57498ce7dd7f3e76 \
    --hash=sha256:e40baea28ae7f5475c779741e2d90b1247c78531207b49c7030e698ff81cee3f \
    --hash=sha256:f2a6af57bd9e4a75d70e4117e78a1bbee84f79ae3fbb6d0111005d6ebcc4cb8d \
    --hash=sha256:f351e0dd702687d12a402b867a1b4146a256923e1c38317cbc472f6372b94707
    # via
    #   bsff (pyproject.toml)
    #   statsmodels
six==1.17.0 \
    --hash=sha256:4721f391ed90541fddacab5acf947aa0d3dc7d27b2e1e8eda2be8970586c3274 \
    --hash=sha256:ff70335d468e7eb6ec65b95b99d3a2836546063f63acc5171de367e834932a81
    # via python-dateutil
sortedcontainers==2.4.0 \
    --hash=sha256:25caa5a06cc30b6b83d11423433f65d1f9d76c4c6a0c90e3379eaa43b9bfdb88 \
    --hash=sha256:a163dcaede0f1c021485e957a39245190e74249897e2ae4b2aa38595db237ee0
    # via hypothesis
statsmodels==0.14.6 \
    --hash=sha256:00781869991f8f02ad3610da6627fd26ebe262210287beb59761982a8fa88cae \
    --hash=sha256:0444e88557df735eda7db330806fe09d51c9f888bb1f5906cb3a61fb1a3ed4a8 \
    --hash=sha256:06eec42d682fdb09fe5d70a05930857efb141754ec5a5056a03304c1b5e32fd9 \
    --hash=sha256:0f52ef0f0b63b8fd11e1ef1c2a1e73a410720b8715c9a83a26d733b6815597fe \
    --hash=sha256:109012088b3e370080846ab053c76d125268631410142daad2f8c10770e8e8d9 \
    --hash=sha256:151b73e29f01fe619dbce7f66d61a356e9d1fe5e906529b78807df9189c37721 \
    --hash=sha256:19b58cf7474aa9e7e3b0771a66537148b2df9b5884fbf156096c0e6c1ff0469d \
    --hash=sha256:26d4f0ed3b31f3c86f83a92f5c1f5cbe63fc992cd8915daf28ca49be14463a1c \
    --hash=sha256:2738a00fca51196f5a7d44b06970ace6b8b30289839e4808d656f8a98e35faa7 \
    --hash=sha256:3414e40c073d725007a6603a18247ab7af3467e1af4a5e5a24e4c27bc26673b4 \
    --hash=sha256:341fa68a7403e10a95c7b6e41134b0da3a7b835ecff1eb266294408535a06eb6 \
    --hash=sha256:3bef39f8587754f2d644b2e831e102fa08ace9a5a1af4b583b122e6fd3e083ab \
    --hash=sha256:47ee7af083623d2091954fa71c7549b8443168f41b7c5dce66510274c50fd73e \
    --hash=sha256:4d0c1b0f9f6915619e2a0d3853e5763d4d66876892ad352e7d7b93a737556978 \
    --hash=sha256:4d17873d3e607d398b85126cd4ed7aad89e4e9d89fc744cdab1af3189a996c2a \
    --hash=sha256:6ad5c2810fc6c684254a7792bf1cbaf1606cdee2a253f8bd259c43135d87cfb4 \
    --hash=sha256:730f3297b26749b216a06e4327fe0be59b8d05f7d594fb6caff4287b69654589 \
    --hash=sha256:73f305fbf31607b35ce919fae636ab8b80d175328ed38fdc6f354e813b86ee37 \
    --hash=sha256:8021271a79f35b842c02a1794465a651a9d06ec2080f76ebc3b7adce77d08233 \
    --hash=sha256:81e7dcc5e9587f2567e52deaff5220b175bf2f648951549eae5fc9383b62bc37 \
    --hash=sha256:89ee7d595f5939cc20bf946faedcb5137d975f03ae080f300ebb4398f16a5bd4 \
    --hash=sha256:9e0fc891d6358bf376cc0ae1fee10a650478172ae9ba359daba1785fc496cd1a \
    --hash=sha256:9e8d2e519852adb1b420e018f5ac6e6684b2b877478adf7fda2cfdb58f5acb5d \
    --hash=sha256:a3764ba8195c9baf0925a96da0743ff218067a269f01d155ca3558deed2658ca \
    --hash=sha256:a518d3f9889ef920116f9fa56d0338069e110f823926356946dae83bc9e33e19 \
    --hash=sha256:aa60d82e29fcd0a736e86feb63a11d2380322d77a9369a54be8b0965a3985f71 \
    --hash=sha256:b328eafa86a2a67303fdb1d25677d15b70cd2a5229aabec7670ec5ea840f1375 \
    --hash=sha256:b5eb07acd115aa6208b4058211138393a7e6c2cf12b6f213ede10f658f6a714f \
    --hash=sha256:bdf1dfe2a3ca56f5529118baf33a13efed2783c528f4a36409b46bbd2d9d48eb \
    --hash=sha256:d8c00a42863e4f4733ac9d078bbfad816249c01451740e6f5053ecc7db6d6368 \
    --hash=sha256:e443e7077a6e2d3faeea72f5a92c9f12c63722686eb80bb40a0f04e4a7e267ad \
    --hash=sha256:e83a9abe653835da3b37fb6ae04b45480c1de11b3134bd40b09717192a1456ea \
    --hash=sha256:e93bd5d220f3cb6fc5fc1bffd5b094966cab8ee99f6c57c02e95710513d6ac3f \
    --hash=sha256:f1c08befa85e93acc992b72a390ddb7bd876190f1360e61d10cf43833463bc9c \
    --hash=sha256:f4ff0649a2df674c7ffb6fa1a06bffdb82a6adf09a48e90e000a15a6aaa734b0 \
    --hash=sha256:fe76140ae7adc5ff0e60a3f0d56f4fffef484efa803c3efebf2fcd734d72ecb5
    # via bsff (pyproject.toml)
typing-extensions==4.15.0 \
    --hash=sha256:0cea48d173cc12fa28ecabc3b837ea3cf6f38c6d1136f85cbaaf598984861466 \
    --hash=sha256:f0fa19c6845758ab08074a0cfa8b7aecb71c999ca73d62883bc25cc018c4e548
    # via referencing
